
Microsoft Visual Studio Solution File, Format Version 12.00
# Visual Studio 15
VisualStudioVersion = 15.0.28307.421
MinimumVisualStudioVersion = 10.0.40219.1
Project("{8BC9CEB8-8B4A-11D0-8D11-00A0C91BC942}") = "libgsasl", "thirdparty\gsasl-1.8.0\libgsasl.vcxproj", "{79F1D29E-F294-3EE9-B218-260812F39206}"
EndProject
Global
	GlobalSection(SolutionConfigurationPlatforms) = preSolution
		Debug|x64 = Debug|x64
		Release|x64 = Release|x64
	EndGlobalSection
	GlobalSection(ProjectConfigurationPlatforms) = postSolution
		{79F1D29E-F294-3EE9-B218-260812F39206}.Debug|x64.ActiveCfg = Debug|x64
		{79F1D29E-F294-3EE9-B218-260812F39206}.Debug|x64.Build.0 = Debug|x64
		{79F1D29E-F294-3EE9-B218-260812F39206}.Release|x64.ActiveCfg = Release|x64
		{79F1D29E-F294-3EE9-B218-260812F39206}.Release|x64.Build.0 = Release|x64
	EndGlobalSection
	GlobalSection(SolutionProperties) = preSolution
		HideSolutionNode = FALSE
	EndGlobalSection
	GlobalSection(ExtensibilityGlobals) = postSolution
		SolutionGuid = {07457EAD-3501-3DD6-9A4C-79809F8B4031}
	EndGlobalSection
EndGlobal
